
Microsoft Visual Studio Solution File, Format Version 12.00
# Visual Studio Version 16
VisualStudioVersion = 16.0.31410.357
MinimumVisualStudioVersion = 10.0.40219.1
Project("{FAE04EC0-301F-11D3-BF4B-00C04F79EFBC}") = "Com.Mobiquity.Packer", "Com.Mobiquity.Packer\Com.Mobiquity.Packer.csproj", "{3939076D-55A8-4BC0-811A-2ECD1D3F4211}"
EndProject
Project("{2150E333-8FDC-42A3-9474-1A3956D46DE8}") = "Test", "Test", "{25B6B6B5-4055-4413-9098-FC34813F1817}"
EndProject
Project("{FAE04EC0-301F-11D3-BF4B-00C04F79EFBC}") = "Com.Mobiquity.Packer.Test", "Test\Com.Mobiquity.Packer.Test\Com.Mobiquity.Packer.Test.csproj", "{CD4612BB-AE50-4780-8E92-359BC8C1FD2D}"
EndProject
Project("{2150E333-8FDC-42A3-9474-1A3956D46DE8}") = "Scripts", "Scripts", "{4BA537D2-FD34-4781-B86E-11AC1B442927}"
	ProjectSection(SolutionItems) = preProject
		Scripts\build.sh = Scripts\build.sh
		Scripts\compile.sh = Scripts\compile.sh
		Scripts\publish.sh = Scripts\publish.sh
		Scripts\test.sh = Scripts\test.sh
	EndProjectSection
EndProject
Global
	GlobalSection(SolutionConfigurationPlatforms) = preSolution
		Debug|Any CPU = Debug|Any CPU
		Release|Any CPU = Release|Any CPU
	EndGlobalSection
	GlobalSection(ProjectConfigurationPlatforms) = postSolution
		{3939076D-55A8-4BC0-811A-2ECD1D3F4211}.Debug|Any CPU.ActiveCfg = Debug|Any CPU
		{3939076D-55A8-4BC0-811A-2ECD1D3F4211}.Debug|Any CPU.Build.0 = Debug|Any CPU
		{3939076D-55A8-4BC0-811A-2ECD1D3F4211}.Release|Any CPU.ActiveCfg = Release|Any CPU
		{3939076D-55A8-4BC0-811A-2ECD1D3F4211}.Release|Any CPU.Build.0 = Release|Any CPU
		{CD4612BB-AE50-4780-8E92-359BC8C1FD2D}.Debug|Any CPU.ActiveCfg = Debug|Any CPU
		{CD4612BB-AE50-4780-8E92-359BC8C1FD2D}.Debug|Any CPU.Build.0 = Debug|Any CPU
		{CD4612BB-AE50-4780-8E92-359BC8C1FD2D}.Release|Any CPU.ActiveCfg = Release|Any CPU
		{CD4612BB-AE50-4780-8E92-359BC8C1FD2D}.Release|Any CPU.Build.0 = Release|Any CPU
	EndGlobalSection
	GlobalSection(SolutionProperties) = preSolution
		HideSolutionNode = FALSE
	EndGlobalSection
	GlobalSection(NestedProjects) = preSolution
		{CD4612BB-AE50-4780-8E92-359BC8C1FD2D} = {25B6B6B5-4055-4413-9098-FC34813F1817}
	EndGlobalSection
	GlobalSection(ExtensibilityGlobals) = postSolution
		SolutionGuid = {F47D4D74-5215-413D-B851-74789F5B8379}
	EndGlobalSection
EndGlobal
